
Microsoft Visual Studio Solution File, Format Version 12.00
# Visual Studio Version 16
VisualStudioVersion = 16.0.31025.194
MinimumVisualStudioVersion = 10.0.40219.1
Project("{FAE04EC0-301F-11D3-BF4B-00C04F79EFBC}") = "AltenarAPI", "AltenarAPI\AltenarAPI.csproj", "{176BBB5A-8387-4FA5-AA86-FF907C1B6C47}"
EndProject
Global
	GlobalSection(SolutionConfigurationPlatforms) = preSolution
		Debug|Any CPU = Debug|Any CPU
		Release|Any CPU = Release|Any CPU
	EndGlobalSection
	GlobalSection(ProjectConfigurationPlatforms) = postSolution
		{176BBB5A-8387-4FA5-AA86-FF907C1B6C47}.Debug|Any CPU.ActiveCfg = Debug|Any CPU
		{176BBB5A-8387-4FA5-AA86-FF907C1B6C47}.Debug|Any CPU.Build.0 = Debug|Any CPU
		{176BBB5A-8387-4FA5-AA86-FF907C1B6C47}.Release|Any CPU.ActiveCfg = Release|Any CPU
		{176BBB5A-8387-4FA5-AA86-FF907C1B6C47}.Release|Any CPU.Build.0 = Release|Any CPU
	EndGlobalSection
	GlobalSection(SolutionProperties) = preSolution
		HideSolutionNode = FALSE
	EndGlobalSection
	GlobalSection(ExtensibilityGlobals) = postSolution
		SolutionGuid = {71C23D76-B70E-4E3D-A7BE-6041EC814C80}
	EndGlobalSection
EndGlobal
